
Microsoft Visual Studio Solution File, Format Version 12.00
# Visual Studio Version 17
VisualStudioVersion = 17.0.31903.59
MinimumVisualStudioVersion = 10.0.40219.1
Project("{2150E333-8FDC-42A3-9474-1A3956D46DE8}") = "src", "src", "{827E0CD3-B72D-47B6-A68D-7590B98EB39B}"
EndProject
Project("{FAE04EC0-301F-11D3-BF4B-00C04F79EFBC}") = "Viae.ActivityPub", "src\Viae.ActivityPub\Viae.ActivityPub.csproj", "{D9D121E4-74E8-4E83-96D8-D127747204DE}"
EndProject
Project("{2150E333-8FDC-42A3-9474-1A3956D46DE8}") = "tests", "tests", "{0AB3BF05-4346-4AA6-1389-037BE0695223}"
EndProject
Project("{FAE04EC0-301F-11D3-BF4B-00C04F79EFBC}") = "Viae.ActivityPub.Tests", "tests\Viae.ActivityPub.Tests\Viae.ActivityPub.Tests.csproj", "{5DC601B8-A186-494F-B422-0AB79D2B650C}"
EndProject
Project("{FAE04EC0-301F-11D3-BF4B-00C04F79EFBC}") = "Viae.Domain", "src\Viae.Domain\Viae.Domain.csproj", "{F359F9AC-E278-4F77-B709-630DD2E40BD3}"
EndProject
Project("{FAE04EC0-301F-11D3-BF4B-00C04F79EFBC}") = "Viae.Domain.Tests", "tests\Viae.Domain.Tests\Viae.Domain.Tests.csproj", "{8BBAA264-4B60-4013-88AC-1D2015FFC112}"
EndProject
Project("{FAE04EC0-301F-11D3-BF4B-00C04F79EFBC}") = "Viae.Persistence", "src\Viae.Persistence\Viae.Persistence.csproj", "{00D4ED37-0129-49D7-A86B-CF5CB187E9CD}"
EndProject
Project("{FAE04EC0-301F-11D3-BF4B-00C04F79EFBC}") = "Viae.Services", "src\Viae.Services\Viae.Services.csproj", "{77B8CEB9-85A0-4F51-A94B-35E513E196D3}"
EndProject
Project("{FAE04EC0-301F-11D3-BF4B-00C04F79EFBC}") = "Viae.Testing.Common", "tests\Viae.Testing.Common\Viae.Testing.Common.csproj", "{EDD19F12-2AA3-4DF8-A064-FD10B1F22A2A}"
EndProject
Project("{FAE04EC0-301F-11D3-BF4B-00C04F79EFBC}") = "Viae.Services.Tests", "tests\Viae.Services.Tests\Viae.Services.Tests.csproj", "{86995AAA-5E43-4509-AA9A-5B6622C269F4}"
EndProject
Project("{FAE04EC0-301F-11D3-BF4B-00C04F79EFBC}") = "Viae.Presentation", "src\Viae.Presentation\Viae.Presentation.csproj", "{A6C06C3B-9194-4174-A341-9F45E52F09C7}"
EndProject
Project("{FAE04EC0-301F-11D3-BF4B-00C04F79EFBC}") = "Viae.Presentation.Mvc.Tests", "tests\Viae.Presentation.Mvc.Tests\Viae.Presentation.Mvc.Tests.csproj", "{A254823D-71DB-45B3-A089-21773B65326F}"
EndProject
Global
	GlobalSection(SolutionConfigurationPlatforms) = preSolution
		Debug|Any CPU = Debug|Any CPU
		Debug|x64 = Debug|x64
		Debug|x86 = Debug|x86
		Release|Any CPU = Release|Any CPU
		Release|x64 = Release|x64
		Release|x86 = Release|x86
	EndGlobalSection
	GlobalSection(ProjectConfigurationPlatforms) = postSolution
		{D9D121E4-74E8-4E83-96D8-D127747204DE}.Debug|Any CPU.ActiveCfg = Debug|Any CPU
		{D9D121E4-74E8-4E83-96D8-D127747204DE}.Debug|Any CPU.Build.0 = Debug|Any CPU
		{D9D121E4-74E8-4E83-96D8-D127747204DE}.Debug|x64.ActiveCfg = Debug|Any CPU
		{D9D121E4-74E8-4E83-96D8-D127747204DE}.Debug|x64.Build.0 = Debug|Any CPU
		{D9D121E4-74E8-4E83-96D8-D127747204DE}.Debug|x86.ActiveCfg = Debug|Any CPU
		{D9D121E4-74E8-4E83-96D8-D127747204DE}.Debug|x86.Build.0 = Debug|Any CPU
		{D9D121E4-74E8-4E83-96D8-D127747204DE}.Release|Any CPU.ActiveCfg = Release|Any CPU
		{D9D121E4-74E8-4E83-96D8-D127747204DE}.Release|Any CPU.Build.0 = Release|Any CPU
		{D9D121E4-74E8-4E83-96D8-D127747204DE}.Release|x64.ActiveCfg = Release|Any CPU
		{D9D121E4-74E8-4E83-96D8-D127747204DE}.Release|x64.Build.0 = Release|Any CPU
		{D9D121E4-74E8-4E83-96D8-D127747204DE}.Release|x86.ActiveCfg = Release|Any CPU
		{D9D121E4-74E8-4E83-96D8-D127747204DE}.Release|x86.Build.0 = Release|Any CPU
		{5DC601B8-A186-494F-B422-0AB79D2B650C}.Debug|Any CPU.ActiveCfg = Debug|Any CPU
		{5DC601B8-A186-494F-B422-0AB79D2B650C}.Debug|Any CPU.Build.0 = Debug|Any CPU
		{5DC601B8-A186-494F-B422-0AB79D2B650C}.Debug|x64.ActiveCfg = Debug|Any CPU
		{5DC601B8-A186-494F-B422-0AB79D2B650C}.Debug|x64.Build.0 = Debug|Any CPU
		{5DC601B8-A186-494F-B422-0AB79D2B650C}.Debug|x86.ActiveCfg = Debug|Any CPU
		{5DC601B8-A186-494F-B422-0AB79D2B650C}.Debug|x86.Build.0 = Debug|Any CPU
		{5DC601B8-A186-494F-B422-0AB79D2B650C}.Release|Any CPU.ActiveCfg = Release|Any CPU
		{5DC601B8-A186-494F-B422-0AB79D2B650C}.Release|Any CPU.Build.0 = Release|Any CPU
		{5DC601B8-A186-494F-B422-0AB79D2B650C}.Release|x64.ActiveCfg = Release|Any CPU
		{5DC601B8-A186-494F-B422-0AB79D2B650C}.Release|x64.Build.0 = Release|Any CPU
		{5DC601B8-A186-494F-B422-0AB79D2B650C}.Release|x86.ActiveCfg = Release|Any CPU
		{5DC601B8-A186-494F-B422-0AB79D2B650C}.Release|x86.Build.0 = Release|Any CPU
		{F359F9AC-E278-4F77-B709-630DD2E40BD3}.Debug|Any CPU.ActiveCfg = Debug|Any CPU
		{F359F9AC-E278-4F77-B709-630DD2E40BD3}.Debug|Any CPU.Build.0 = Debug|Any CPU
		{F359F9AC-E278-4F77-B709-630DD2E40BD3}.Debug|x64.ActiveCfg = Debug|Any CPU
		{F359F9AC-E278-4F77-B709-630DD2E40BD3}.Debug|x64.Build.0 = Debug|Any CPU
		{F359F9AC-E278-4F77-B709-630DD2E40BD3}.Debug|x86.ActiveCfg = Debug|Any CPU
		{F359F9AC-E278-4F77-B709-630DD2E40BD3}.Debug|x86.Build.0 = Debug|Any CPU
		{F359F9AC-E278-4F77-B709-630DD2E40BD3}.Release|Any CPU.ActiveCfg = Release|Any CPU
		{F359F9AC-E278-4F77-B709-630DD2E40BD3}.Release|Any CPU.Build.0 = Release|Any CPU
		{F359F9AC-E278-4F77-B709-630DD2E40BD3}.Release|x64.ActiveCfg = Release|Any CPU
		{F359F9AC-E278-4F77-B709-630DD2E40BD3}.Release|x64.Build.0 = Release|Any CPU
		{F359F9AC-E278-4F77-B709-630DD2E40BD3}.Release|x86.ActiveCfg = Release|Any CPU
		{F359F9AC-E278-4F77-B709-630DD2E40BD3}.Release|x86.Build.0 = Release|Any CPU
		{8BBAA264-4B60-4013-88AC-1D2015FFC112}.Debug|Any CPU.ActiveCfg = Debug|Any CPU
		{8BBAA264-4B60-4013-88AC-1D2015FFC112}.Debug|Any CPU.Build.0 = Debug|Any CPU
		{8BBAA264-4B60-4013-88AC-1D2015FFC112}.Debug|x64.ActiveCfg = Debug|Any CPU
		{8BBAA264-4B60-4013-88AC-1D2015FFC112}.Debug|x64.Build.0 = Debug|Any CPU
		{8BBAA264-4B60-4013-88AC-1D2015FFC112}.Debug|x86.ActiveCfg = Debug|Any CPU
		{8BBAA264-4B60-4013-88AC-1D2015FFC112}.Debug|x86.Build.0 = Debug|Any CPU
		{8BBAA264-4B60-4013-88AC-1D2015FFC112}.Release|Any CPU.ActiveCfg = Release|Any CPU
		{8BBAA264-4B60-4013-88AC-1D2015FFC112}.Release|Any CPU.Build.0 = Release|Any CPU
		{8BBAA264-4B60-4013-88AC-1D2015FFC112}.Release|x64.ActiveCfg = Release|Any CPU
		{8BBAA264-4B60-4013-88AC-1D2015FFC112}.Release|x64.Build.0 = Release|Any CPU
		{8BBAA264-4B60-4013-88AC-1D2015FFC112}.Release|x86.ActiveCfg = Release|Any CPU
		{8BBAA264-4B60-4013-88AC-1D2015FFC112}.Release|x86.Build.0 = Release|Any CPU
		{00D4ED37-0129-49D7-A86B-CF5CB187E9CD}.Debug|Any CPU.ActiveCfg = Debug|Any CPU
		{00D4ED37-0129-49D7-A86B-CF5CB187E9CD}.Debug|Any CPU.Build.0 = Debug|Any CPU
		{00D4ED37-0129-49D7-A86B-CF5CB187E9CD}.Debug|x64.ActiveCfg = Debug|Any CPU
		{00D4ED37-0129-49D7-A86B-CF5CB187E9CD}.Debug|x64.Build.0 = Debug|Any CPU
		{00D4ED37-0129-49D7-A86B-CF5CB187E9CD}.Debug|x86.ActiveCfg = Debug|Any CPU
		{00D4ED37-0129-49D7-A86B-CF5CB187E9CD}.Debug|x86.Build.0 = Debug|Any CPU
		{00D4ED37-0129-49D7-A86B-CF5CB187E9CD}.Release|Any CPU.ActiveCfg = Release|Any CPU
		{00D4ED37-0129-49D7-A86B-CF5CB187E9CD}.Release|Any CPU.Build.0 = Release|Any CPU
		{00D4ED37-0129-49D7-A86B-CF5CB187E9CD}.Release|x64.ActiveCfg = Release|Any CPU
		{00D4ED37-0129-49D7-A86B-CF5CB187E9CD}.Release|x64.Build.0 = Release|Any CPU
		{00D4ED37-0129-49D7-A86B-CF5CB187E9CD}.Release|x86.ActiveCfg = Release|Any CPU
		{00D4ED37-0129-49D7-A86B-CF5CB187E9CD}.Release|x86.Build.0 = Release|Any CPU
		{77B8CEB9-85A0-4F51-A94B-35E513E196D3}.Debug|Any CPU.ActiveCfg = Debug|Any CPU
		{77B8CEB9-85A0-4F51-A94B-35E513E196D3}.Debug|Any CPU.Build.0 = Debug|Any CPU
		{77B8CEB9-85A0-4F51-A94B-35E513E196D3}.Debug|x64.ActiveCfg = Debug|Any CPU
		{77B8CEB9-85A0-4F51-A94B-35E513E196D3}.Debug|x64.Build.0 = Debug|Any CPU
		{77B8CEB9-85A0-4F51-A94B-35E513E196D3}.Debug|x86.ActiveCfg = Debug|Any CPU
		{77B8CEB9-85A0-4F51-A94B-35E513E196D3}.Debug|x86.Build.0 = Debug|Any CPU
		{77B8CEB9-85A0-4F51-A94B-35E513E196D3}.Release|Any CPU.ActiveCfg = Release|Any CPU
		{77B8CEB9-85A0-4F51-A94B-35E513E196D3}.Release|Any CPU.Build.0 = Release|Any CPU
		{77B8CEB9-85A0-4F51-A94B-35E513E196D3}.Release|x64.ActiveCfg = Release|Any CPU
		{77B8CEB9-85A0-4F51-A94B-35E513E196D3}.Release|x64.Build.0 = Release|Any CPU
		{77B8CEB9-85A0-4F51-A94B-35E513E196D3}.Release|x86.ActiveCfg = Release|Any CPU
		{77B8CEB9-85A0-4F51-A94B-35E513E196D3}.Release|x86.Build.0 = Release|Any CPU
		{EDD19F12-2AA3-4DF8-A064-FD10B1F22A2A}.Debug|Any CPU.ActiveCfg = Debug|Any CPU
		{EDD19F12-2AA3-4DF8-A064-FD10B1F22A2A}.Debug|Any CPU.Build.0 = Debug|Any CPU
		{EDD19F12-2AA3-4DF8-A064-FD10B1F22A2A}.Debug|x64.ActiveCfg = Debug|Any CPU
		{EDD19F12-2AA3-4DF8-A064-FD10B1F22A2A}.Debug|x64.Build.0 = Debug|Any CPU
		{EDD19F12-2AA3-4DF8-A064-FD10B1F22A2A}.Debug|x86.ActiveCfg = Debug|Any CPU
		{EDD19F12-2AA3-4DF8-A064-FD10B1F22A2A}.Debug|x86.Build.0 = Debug|Any CPU
		{EDD19F12-2AA3-4DF8-A064-FD10B1F22A2A}.Release|Any CPU.ActiveCfg = Release|Any CPU
		{EDD19F12-2AA3-4DF8-A064-FD10B1F22A2A}.Release|Any CPU.Build.0 = Release|Any CPU
		{EDD19F12-2AA3-4DF8-A064-FD10B1F22A2A}.Release|x64.ActiveCfg = Release|Any CPU
		{EDD19F12-2AA3-4DF8-A064-FD10B1F22A2A}.Release|x64.Build.0 = Release|Any CPU
		{EDD19F12-2AA3-4DF8-A064-FD10B1F22A2A}.Release|x86.ActiveCfg = Release|Any CPU
		{EDD19F12-2AA3-4DF8-A064-FD10B1F22A2A}.Release|x86.Build.0 = Release|Any CPU
		{86995AAA-5E43-4509-AA9A-5B6622C269F4}.Debug|Any CPU.ActiveCfg = Debug|Any CPU
		{86995AAA-5E43-4509-AA9A-5B6622C269F4}.Debug|Any CPU.Build.0 = Debug|Any CPU
		{86995AAA-5E43-4509-AA9A-5B6622C269F4}.Debug|x64.ActiveCfg = Debug|Any CPU
		{86995AAA-5E43-4509-AA9A-5B6622C269F4}.Debug|x64.Build.0 = Debug|Any CPU
		{86995AAA-5E43-4509-AA9A-5B6622C269F4}.Debug|x86.ActiveCfg = Debug|Any CPU
		{86995AAA-5E43-4509-AA9A-5B6622C269F4}.Debug|x86.Build.0 = Debug|Any CPU
		{86995AAA-5E43-4509-AA9A-5B6622C269F4}.Release|Any CPU.ActiveCfg = Release|Any CPU
		{86995AAA-5E43-4509-AA9A-5B6622C269F4}.Release|Any CPU.Build.0 = Release|Any CPU
		{86995AAA-5E43-4509-AA9A-5B6622C269F4}.Release|x64.ActiveCfg = Release|Any CPU
		{86995AAA-5E43-4509-AA9A-5B6622C269F4}.Release|x64.Build.0 = Release|Any CPU
		{86995AAA-5E43-4509-AA9A-5B6622C269F4}.Release|x86.ActiveCfg = Release|Any CPU
		{86995AAA-5E43-4509-AA9A-5B6622C269F4}.Release|x86.Build.0 = Release|Any CPU
		{A6C06C3B-9194-4174-A341-9F45E52F09C7}.Debug|Any CPU.ActiveCfg = Debug|Any CPU
		{A6C06C3B-9194-4174-A341-9F45E52F09C7}.Debug|Any CPU.Build.0 = Debug|Any CPU
		{A6C06C3B-9194-4174-A341-9F45E52F09C7}.Debug|x64.ActiveCfg = Debug|Any CPU
		{A6C06C3B-9194-4174-A341-9F45E52F09C7}.Debug|x64.Build.0 = Debug|Any CPU
		{A6C06C3B-9194-4174-A341-9F45E52F09C7}.Debug|x86.ActiveCfg = Debug|Any CPU
		{A6C06C3B-9194-4174-A341-9F45E52F09C7}.Debug|x86.Build.0 = Debug|Any CPU
		{A6C06C3B-9194-4174-A341-9F45E52F09C7}.Release|Any CPU.ActiveCfg = Release|Any CPU
		{A6C06C3B-9194-4174-A341-9F45E52F09C7}.Release|Any CPU.Build.0 = Release|Any CPU
		{A6C06C3B-9194-4174-A341-9F45E52F09C7}.Release|x64.ActiveCfg = Release|Any CPU
		{A6C06C3B-9194-4174-A341-9F45E52F09C7}.Release|x64.Build.0 = Release|Any CPU
		{A6C06C3B-9194-4174-A341-9F45E52F09C7}.Release|x86.ActiveCfg = Release|Any CPU
		{A6C06C3B-9194-4174-A341-9F45E52F09C7}.Release|x86.Build.0 = Release|Any CPU
		{A254823D-71DB-45B3-A089-21773B65326F}.Debug|Any CPU.ActiveCfg = Debug|Any CPU
		{A254823D-71DB-45B3-A089-21773B65326F}.Debug|Any CPU.Build.0 = Debug|Any CPU
		{A254823D-71DB-45B3-A089-21773B65326F}.Debug|x64.ActiveCfg = Debug|Any CPU
		{A254823D-71DB-45B3-A089-21773B65326F}.Debug|x64.Build.0 = Debug|Any CPU
		{A254823D-71DB-45B3-A089-21773B65326F}.Debug|x86.ActiveCfg = Debug|Any CPU
		{A254823D-71DB-45B3-A089-21773B65326F}.Debug|x86.Build.0 = Debug|Any CPU
		{A254823D-71DB-45B3-A089-21773B65326F}.Release|Any CPU.ActiveCfg = Release|Any CPU
		{A254823D-71DB-45B3-A089-21773B65326F}.Release|Any CPU.Build.0 = Release|Any CPU
		{A254823D-71DB-45B3-A089-21773B65326F}.Release|x64.ActiveCfg = Release|Any CPU
		{A254823D-71DB-45B3-A089-21773B65326F}.Release|x64.Build.0 = Release|Any CPU
		{A254823D-71DB-45B3-A089-21773B65326F}.Release|x86.ActiveCfg = Release|Any CPU
		{A254823D-71DB-45B3-A089-21773B65326F}.Release|x86.Build.0 = Release|Any CPU
	EndGlobalSection
	GlobalSection(SolutionProperties) = preSolution
		HideSolutionNode = FALSE
	EndGlobalSection
	GlobalSection(NestedProjects) = preSolution
		{D9D121E4-74E8-4E83-96D8-D127747204DE} = {827E0CD3-B72D-47B6-A68D-7590B98EB39B}
		{5DC601B8-A186-494F-B422-0AB79D2B650C} = {0AB3BF05-4346-4AA6-1389-037BE0695223}
		{F359F9AC-E278-4F77-B709-630DD2E40BD3} = {827E0CD3-B72D-47B6-A68D-7590B98EB39B}
		{8BBAA264-4B60-4013-88AC-1D2015FFC112} = {0AB3BF05-4346-4AA6-1389-037BE0695223}
		{00D4ED37-0129-49D7-A86B-CF5CB187E9CD} = {827E0CD3-B72D-47B6-A68D-7590B98EB39B}
		{77B8CEB9-85A0-4F51-A94B-35E513E196D3} = {827E0CD3-B72D-47B6-A68D-7590B98EB39B}
		{EDD19F12-2AA3-4DF8-A064-FD10B1F22A2A} = {0AB3BF05-4346-4AA6-1389-037BE0695223}
		{86995AAA-5E43-4509-AA9A-5B6622C269F4} = {0AB3BF05-4346-4AA6-1389-037BE0695223}
		{A6C06C3B-9194-4174-A341-9F45E52F09C7} = {827E0CD3-B72D-47B6-A68D-7590B98EB39B}
		{A254823D-71DB-45B3-A089-21773B65326F} = {0AB3BF05-4346-4AA6-1389-037BE0695223}
	EndGlobalSection
EndGlobal
